
Microsoft Visual Studio Solution File, Format Version 12.00
# Visual Studio Version 17
VisualStudioVersion = 17.11.35222.181
MinimumVisualStudioVersion = 10.0.40219.1
Project("{FAE04EC0-301F-11D3-BF4B-00C04F79EFBC}") = "QuanLyKho", "QuanLyKho.csproj", "{00F002FF-93C3-4B09-A529-8E01BE5B5A0A}"
EndProject
Global
	GlobalSection(SolutionConfigurationPlatforms) = preSolution
		Debug|Any CPU = Debug|Any CPU
		Release|Any CPU = Release|Any CPU
	EndGlobalSection
	GlobalSection(ProjectConfigurationPlatforms) = postSolution
		{00F002FF-93C3-4B09-A529-8E01BE5B5A0A}.Debug|Any CPU.ActiveCfg = Debug|Any CPU
		{00F002FF-93C3-4B09-A529-8E01BE5B5A0A}.Debug|Any CPU.Build.0 = Debug|Any CPU
		{00F002FF-93C3-4B09-A529-8E01BE5B5A0A}.Release|Any CPU.ActiveCfg = Release|Any CPU
		{00F002FF-93C3-4B09-A529-8E01BE5B5A0A}.Release|Any CPU.Build.0 = Release|Any CPU
	EndGlobalSection
	GlobalSection(SolutionProperties) = preSolution
		HideSolutionNode = FALSE
	EndGlobalSection
	GlobalSection(ExtensibilityGlobals) = postSolution
		SolutionGuid = {9F92D951-131A-443E-A48F-DD11D71B2A8E}
	EndGlobalSection
EndGlobal
